<?xml version="1.0" encoding="utf-8"?>
<Project ToolsVersion="4.0" xmlns="http://schemas.microsoft.com/developer/msbuild/2003">
  <ItemGroup>
    <Filter Include="Source Files">
      <UniqueIdentifier>{4FC737F1-C7A5-4376-A066-2A32D752A2FF}</UniqueIdentifier>
      <Extensions>cpp;c;cc;cxx;c++;cppm;ixx;def;odl;idl;hpj;bat;asm;asmx</Extensions>
    </Filter>
    <Filter Include="Header Files">
      <UniqueIdentifier>{93995380-89BD-4b04-88EB-625FBE52EBFB}</UniqueIdentifier>
      <Extensions>h;hh;hpp;hxx;h++;hm;inl;inc;ipp;xsd</Extensions>
    </Filter>
    <Filter Include="Resource Files">
      <UniqueIdentifier>{67DA6AB6-F800-4c08-8B7A-83BB121AAD01}</UniqueIdentifier>
      <Extensions>rc;ico;cur;bmp;dlg;rc2;rct;bin;rgs;gif;jpg;jpeg;jpe;resx;tiff;tif;png;wav;mfcribbon-ms</Extensions>
    </Filter>
    <Filter Include="Header Files\Managers">
      <UniqueIdentifier>{a2227650-f77e-453a-aa26-65199883d3bf}</UniqueIdentifier>
    </Filter>
    <Filter Include="Source Files\Managers">
      <UniqueIdentifier>{9b8a33c8-32bf-4a48-a4b6-72df2bcb74af}</UniqueIdentifier>
    </Filter>
    <Filter Include="Header Files\Scenes">
      <UniqueIdentifier>{bc798dc6-51f1-4cfa-8a2a-5aa88672decf}</UniqueIdentifier>
    </Filter>
    <Filter Include="Source Files\Scenes">
      <UniqueIdentifier>{b9593717-b198-4850-acd1-3e10035385ee}</UniqueIdentifier>
    </Filter>
    <Filter Include="Header Files\Components">
      <UniqueIdentifier>{795413bd-5a65-41d5-bdc2-7643982587da}</UniqueIdentifier>
    </Filter>
    <Filter Include="Source Files\Component">
      <UniqueIdentifier>{d3ff286a-1186-4c34-80f0-27c221c03582}</UniqueIdentifier>
    </Filter>
    <Filter Include="Header Files\Templates">
      <UniqueIdentifier>{daf76e27-1a33-41cd-9822-45e4ade1ee5c}</UniqueIdentifier>
    </Filter>
    <Filter Include="Header Files\Objects">
      <UniqueIdentifier>{b4b20aa0-6559-4900-984e-541bc2fcca1d}</UniqueIdentifier>
    </Filter>
    <Filter Include="Source Files\Objects">
      <UniqueIdentifier>{c177a1ee-c761-40ec-83bc-ee7d8c892ed3}</UniqueIdentifier>
    </Filter>
    <Filter Include="Header Files\Defines">
      <UniqueIdentifier>{599c7fc7-faa7-4c85-8c9f-58a30a0eb9f8}</UniqueIdentifier>
    </Filter>
    <Filter Include="Header Files\Utilities">
      <UniqueIdentifier>{f70fc175-9f10-44e6-9f3f-cd40a568f5b8}</UniqueIdentifier>
    </Filter>
    <Filter Include="Header Files\UI">
      <UniqueIdentifier>{83a99585-b1fd-48d6-8ebb-e2ba4c66e0bd}</UniqueIdentifier>
    </Filter>
    <Filter Include="Header Files\Components\UIComponent">
      <UniqueIdentifier>{75ac0857-3cdd-440a-b32d-001a7cb9b288}</UniqueIdentifier>
    </Filter>
    <Filter Include="Source Files\Component\UIComponent">
      <UniqueIdentifier>{51e85d85-fd2f-4778-84a2-754d230ec7ae}</UniqueIdentifier>
    </Filter>
    <Filter Include="Resource Files\Sound">
      <UniqueIdentifier>{45e4fa3b-6bee-4f25-80b3-fed4900d9d6c}</UniqueIdentifier>
    </Filter>
  </ItemGroup>
  <ItemGroup>
    <ClCompile Include="DirectXManager.cpp">
      <Filter>Source Files\Managers</Filter>
    </ClCompile>
    <ClCompile Include="FrameTimer.cpp">
      <Filter>Source Files\Managers</Filter>
    </ClCompile>
    <ClCompile Include="GameWindowManager.cpp">
      <Filter>Source Files\Managers</Filter>
    </ClCompile>
    <ClCompile Include="InputManager.cpp">
      <Filter>Source Files\Managers</Filter>
    </ClCompile>
    <ClCompile Include="BaseScene.cpp">
      <Filter>Source Files\Scenes</Filter>
    </ClCompile>
    <ClCompile Include="SceneStackManager.cpp">
      <Filter>Source Files\Managers</Filter>
    </ClCompile>
    <ClCompile Include="CSprite.cpp">
      <Filter>Source Files\Component</Filter>
    </ClCompile>
    <ClCompile Include="CTransform.cpp">
      <Filter>Source Files\Component</Filter>
    </ClCompile>
    <ClCompile Include="MainScene.cpp">
      <Filter>Source Files\Scenes</Filter>
    </ClCompile>
    <ClCompile Include="CMatrixUnit.cpp">
      <Filter>Source Files\Component</Filter>
    </ClCompile>
    <ClCompile Include="CPieceUnit.cpp">
      <Filter>Source Files\Component</Filter>
    </ClCompile>
    <ClCompile Include="MatrixRow.cpp">
      <Filter>Source Files\Objects</Filter>
    </ClCompile>
    <ClCompile Include="Tetriminos.cpp">
      <Filter>Source Files\Objects</Filter>
    </ClCompile>
    <ClCompile Include="GameMain.cpp">
      <Filter>Source Files</Filter>
    </ClCompile>
    <ClCompile Include="CLabel.cpp">
      <Filter>Source Files\Component\UIComponent</Filter>
    </ClCompile>
    <ClCompile Include="AudioManager.cpp">
      <Filter>Source Files\Managers</Filter>
    </ClCompile>
  </ItemGroup>
  <ItemGroup>
    <ClInclude Include="GameWindowManager.h">
      <Filter>Header Files\Managers</Filter>
    </ClInclude>
    <ClInclude Include="DirectXManager.h">
      <Filter>Header Files\Managers</Filter>
    </ClInclude>
    <ClInclude Include="FrameTimer.h">
      <Filter>Header Files\Managers</Filter>
    </ClInclude>
    <ClInclude Include="InputManager.h">
      <Filter>Header Files\Managers</Filter>
    </ClInclude>
    <ClInclude Include="BaseScene.h">
      <Filter>Header Files\Scenes</Filter>
    </ClInclude>
    <ClInclude Include="GameObject.h">
      <Filter>Header Files\Templates</Filter>
    </ClInclude>
    <ClInclude Include="Component.h">
      <Filter>Header Files\Templates</Filter>
    </ClInclude>
    <ClInclude Include="CTransform.h">
      <Filter>Header Files\Components</Filter>
    </ClInclude>
    <ClInclude Include="SceneStackManager.h">
      <Filter>Header Files\Managers</Filter>
    </ClInclude>
    <ClInclude Include="CSprite.h">
      <Filter>Header Files\Components</Filter>
    </ClInclude>
    <ClInclude Include="MainScene.h">
      <Filter>Header Files\Scenes</Filter>
    </ClInclude>
    <ClInclude Include="CMatrixUnit.h">
      <Filter>Header Files\Components</Filter>
    </ClInclude>
    <ClInclude Include="CPieceUnit.h">
      <Filter>Header Files\Components</Filter>
    </ClInclude>
    <ClInclude Include="ColorsDef.h">
      <Filter>Header Files\Defines</Filter>
    </ClInclude>
    <ClInclude Include="MatrixRow.h">
      <Filter>Header Files\Objects</Filter>
    </ClInclude>
    <ClInclude Include="Tetriminos.h">
      <Filter>Header Files\Objects</Filter>
    </ClInclude>
    <ClInclude Include="TetriminosShapeDef.h">
      <Filter>Header Files\Defines</Filter>
    </ClInclude>
    <ClInclude Include="Vec2Struct.h">
      <Filter>Header Files\Defines</Filter>
    </ClInclude>
    <ClInclude Include="Timer.h">
      <Filter>Header Files\Utilities</Filter>
    </ClInclude>
    <ClInclude Include="UIObject.h">
      <Filter>Header Files\Templates</Filter>
    </ClInclude>
    <ClInclude Include="CLabel.h">
      <Filter>Header Files\Components\UIComponent</Filter>
    </ClInclude>
    <ClInclude Include="TextFileIO.h">
      <Filter>Header Files\Utilities</Filter>
    </ClInclude>
    <ClInclude Include="Sound.h">
      <Filter>Header Files\Objects</Filter>
    </ClInclude>
    <ClInclude Include="Panel.h">
      <Filter>Header Files\UI</Filter>
    </ClInclude>
    <ClInclude Include="AudioManager.h">
      <Filter>Header Files\Managers</Filter>
    </ClInclude>
  </ItemGroup>
  <ItemGroup>
    <Image Include="Assets\ESCKey.png">
      <Filter>Resource Files</Filter>
    </Image>
    <Image Include="Assets\Keys.png">
      <Filter>Resource Files</Filter>
    </Image>
    <Image Include="Assets\Matrix.png">
      <Filter>Resource Files</Filter>
    </Image>
    <Image Include="Assets\Piece.png">
      <Filter>Resource Files</Filter>
    </Image>
    <Image Include="Assets\SpaceKey.png">
      <Filter>Resource Files</Filter>
    </Image>
  </ItemGroup>
  <ItemGroup>
    <Media Include="Assets\Sound\ClearRowSound.mp3">
      <Filter>Resource Files\Sound</Filter>
    </Media>
    <Media Include="Assets\Sound\DropSound.mp3">
      <Filter>Resource Files\Sound</Filter>
    </Media>
    <Media Include="Assets\Sound\LoseSound.mp3">
      <Filter>Resource Files\Sound</Filter>
    </Media>
  </ItemGroup>
</Project>